{
  "originHash" : "c52789919298cf00a3a8f3591f1991d92204968fbc78a1a5f312ad62e5984c5b",
  "pins" : [
    {
      "identity" : "adhan-swift",
      "kind" : "remoteSourceControl",
      "location" : "https://github.com/batoulapps/adhan-swift.git",
      "state" : {
        "revision" : "a6fa2deee80c5abb0b9ad04466f8ab12b53144e7",
        "version" : "1.5.0"
      }
    }
  ],
  "version" : 3
}
