{
  "originHash" : "5d1478472b58846557a0286acd4ceae9d7cde381eb98c2819528ca6f614715e6",
  "pins" : [
    {
      "identity" : "adhan-swift",
      "kind" : "remoteSourceControl",
      "location" : "https://github.com/batoulapps/adhan-swift.git",
      "state" : {
        "revision" : "a6fa2deee80c5abb0b9ad04466f8ab12b53144e7",
        "version" : "1.5.0"
      }
    }
  ],
  "version" : 3
}
